{
    "_readme": [
        "This file locks the dependencies of your project to a known state",
        "Read more about it at http://getcomposer.org/doc/01-basic-usage.md#composer-lock-the-lock-file",
        "This file is @generated automatically"
    ],
    "hash": "7eddd75f4571a61e298dcdb2b89bce6a",
    "packages": [
        {
            "name": "jlem/arrayok",
            "version": "dev-master",
            "source": {
                "type": "git",
                "url": "https://github.com/jlem/ArrayOk.git",
                "reference": "5febb994c0fa199d3dab12059eedea53ab65da16"
            },
            "dist": {
                "type": "zip",
                "url": "https://api.github.com/repos/jlem/ArrayOk/zipball/5febb994c0fa199d3dab12059eedea53ab65da16",
                "reference": "5febb994c0fa199d3dab12059eedea53ab65da16",
                "shasum": ""
            },
            "require": {
                "php": ">=5.3.0"
            },
            "type": "library",
            "autoload": {
                "psr-4": {
                    "Jlem\\ArrayOk\\": "src/"
                }
            },
            "authors": [
                {
                    "name": "Jon",
                    "email": "agmlauncher@gmail.com"
                }
            ],
            "description": "A simple object wrapper/decorator for arrays",
            "support": {
                "source": "https://github.com/jlem/ArrayOk/tree/master",
                "issues": "https://github.com/jlem/ArrayOk/issues"
            },
            "time": "2014-12-15 20:36:11"
        }
    ],
    "packages-dev": [],
    "aliases": [],
    "minimum-stability": "stable",
    "stability-flags": {
        "jlem/arrayok": 20
    },
    "prefer-stable": false,
    "platform": {
        "php": ">=5.3.0"
    },
    "platform-dev": []
}
