{
    "_readme": [
        "This file locks the dependencies of your project to a known state",
        "Read more about it at http://getcomposer.org/doc/01-basic-usage.md#composer-lock-the-lock-file",
        "This file is @generated automatically"
    ],
    "hash": "bb07070669f1a77a5be52bb7a296b8fc",
    "packages": [
        {
            "name": "jlem/arrayok",
            "version": "dev-master",
            "source": {
                "type": "git",
                "url": "https://github.com/jlem/ArrayOk.git",
                "reference": "416f1dd48e49b27562a419b49057c76ecc002cb6"
            },
            "dist": {
                "type": "zip",
                "url": "https://api.github.com/repos/jlem/ArrayOk/zipball/416f1dd48e49b27562a419b49057c76ecc002cb6",
                "reference": "416f1dd48e49b27562a419b49057c76ecc002cb6",
                "shasum": ""
            },
            "require": {
                "php": ">=5.3.0"
            },
            "type": "library",
            "autoload": {
                "psr-4": {
                    "Jlem\\ArrayOk\\": "src/"
                }
            },
            "notification-url": "https://packagist.org/downloads/",
            "authors": [
                {
                    "name": "Jon",
                    "email": "agmlauncher@gmail.com"
                }
            ],
            "description": "A simple object wrapper/decorator for arrays",
            "time": "2014-12-10 21:40:28"
        }
    ],
    "packages-dev": [],
    "aliases": [],
    "minimum-stability": "stable",
    "stability-flags": {
        "jlem/arrayok": 20
    },
    "prefer-stable": false,
    "platform": {
        "php": ">=5.3.0"
    },
    "platform-dev": []
}
